
Microsoft Visual Studio Solution File, Format Version 12.00
# Visual Studio Version 16
VisualStudioVersion = 16.0.28803.352
MinimumVisualStudioVersion = 10.0.40219.1
Project("{FAE04EC0-301F-11D3-BF4B-00C04F79EFBC}") = "CatchException", "CatchException\CatchException.csproj", "{5DA2290D-6D8F-469E-932B-62B212B7AFC2}"
EndProject
Project("{FAE04EC0-301F-11D3-BF4B-00C04F79EFBC}") = "NSubstitute", "NSubstitute\NSubstitute.csproj", "{46EAF96F-C612-4C55-A277-6368E1346E9E}"
EndProject
Global
	GlobalSection(SolutionConfigurationPlatforms) = preSolution
		Debug|Any CPU = Debug|Any CPU
		Release|Any CPU = Release|Any CPU
	EndGlobalSection
	GlobalSection(ProjectConfigurationPlatforms) = postSolution
		{5DA2290D-6D8F-469E-932B-62B212B7AFC2}.Debug|Any CPU.ActiveCfg = Debug|Any CPU
		{5DA2290D-6D8F-469E-932B-62B212B7AFC2}.Debug|Any CPU.Build.0 = Debug|Any CPU
		{5DA2290D-6D8F-469E-932B-62B212B7AFC2}.Release|Any CPU.ActiveCfg = Release|Any CPU
		{5DA2290D-6D8F-469E-932B-62B212B7AFC2}.Release|Any CPU.Build.0 = Release|Any CPU
		{46EAF96F-C612-4C55-A277-6368E1346E9E}.Debug|Any CPU.ActiveCfg = Debug|Any CPU
		{46EAF96F-C612-4C55-A277-6368E1346E9E}.Debug|Any CPU.Build.0 = Debug|Any CPU
		{46EAF96F-C612-4C55-A277-6368E1346E9E}.Release|Any CPU.ActiveCfg = Release|Any CPU
		{46EAF96F-C612-4C55-A277-6368E1346E9E}.Release|Any CPU.Build.0 = Release|Any CPU
	EndGlobalSection
	GlobalSection(SolutionProperties) = preSolution
		HideSolutionNode = FALSE
	EndGlobalSection
	GlobalSection(ExtensibilityGlobals) = postSolution
		SolutionGuid = {4FEE6437-A644-450D-A626-C00DE83457E6}
	EndGlobalSection
EndGlobal
